// !$*UTF8*$!
{
	archiveVersion = 1;
	classes = {
	};
	objectVersion = 46;
	objects = {

/* Begin PBXBuildFile section */
		90146D581450572D006FB068 /* UIKit.framework in Frameworks */ = {isa = PBXBuildFile; fileRef = 90146D571450572D006FB068 /* UIKit.framework */; };
		90146D5A1450572D006FB068 /* Foundation.framework in Frameworks */ = {isa = PBXBuildFile; fileRef = 90146D591450572D006FB068 /* Foundation.framework */; };
		90146D5C1450572D006FB068 /* CoreGraphics.framework in Frameworks */ = {isa = PBXBuildFile; fileRef = 90146D5B1450572D006FB068 /* CoreGraphics.framework */; };
		90146D621450572D006FB068 /* InfoPlist.strings in Resources */ = {isa = PBXBuildFile; fileRef = 90146D601450572D006FB068 /* InfoPlist.strings */; };
		90146D641450572D006FB068 /* main.m in Sources */ = {isa = PBXBuildFile; fileRef = 90146D631450572D006FB068 /* main.m */; };
		90146D681450572D006FB068 /* AppDelegate.m in Sources */ = {isa = PBXBuildFile; fileRef = 90146D671450572D006FB068 /* AppDelegate.m */; };
		90146D6B1450572D006FB068 /* MainStoryboard.storyboard in Resources */ = {isa = PBXBuildFile; fileRef = 90146D691450572D006FB068 /* MainStoryboard.storyboard */; };
		90146D6E1450572D006FB068 /* MasterViewController.m in Sources */ = {isa = PBXBuildFile; fileRef = 90146D6D1450572D006FB068 /* MasterViewController.m */; };
		90146D711450572D006FB068 /* DetailViewController.m in Sources */ = {isa = PBXBuildFile; fileRef = 90146D701450572D006FB068 /* DetailViewController.m */; };
		90C48789145059E000F9D176 /* DataController.m in Sources */ = {isa = PBXBuildFile; fileRef = 90C48788145059E000F9D176 /* DataController.m */; };
		90C4878D145059F900F9D176 /* Book.m in Sources */ = {isa = PBXBuildFile; fileRef = 90C4878C145059F900F9D176 /* Book.m */; };
/* End PBXBuildFile section */

/* Begin PBXFileReference section */
		90146D531450572D006FB068 /* FileDemoList.app */ = {isa = PBXFileReference; explicitFileType = wrapper.application; includeInIndex = 0; path = FileDemoList.app; sourceTree = BUILT_PRODUCTS_DIR; };
		90146D571450572D006FB068 /* UIKit.framework */ = {isa = PBXFileReference; lastKnownFileType = wrapper.framework; name = UIKit.framework; path = System/Library/Frameworks/UIKit.framework; sourceTree = SDKROOT; };
		90146D591450572D006FB068 /* Foundation.framework */ = {isa = PBXFileReference; lastKnownFileType = wrapper.framework; name = Foundation.framework; path = System/Library/Frameworks/Foundation.framework; sourceTree = SDKROOT; };
		90146D5B1450572D006FB068 /* CoreGraphics.framework */ = {isa = PBXFileReference; lastKnownFileType = wrapper.framework; name = CoreGraphics.framework; path = System/Library/Frameworks/CoreGraphics.framework; sourceTree = SDKROOT; };
		90146D5F1450572D006FB068 /* FileDemoList-Info.plist */ = {isa = PBXFileReference; lastKnownFileType = text.plist.xml; path = "FileDemoList-Info.plist"; sourceTree = "<group>"; };
		90146D611450572D006FB068 /* en */ = {isa = PBXFileReference; lastKnownFileType = text.plist.strings; name = en; path = en.lproj/InfoPlist.strings; sourceTree = "<group>"; };
		90146D631450572D006FB068 /* main.m */ = {isa = PBXFileReference; lastKnownFileType = sourcecode.c.objc; path = main.m; sourceTree = "<group>"; };
		90146D651450572D006FB068 /* FileDemoList-Prefix.pch */ = {isa = PBXFileReference; lastKnownFileType = sourcecode.c.h; path = "FileDemoList-Prefix.pch"; sourceTree = "<group>"; };
		90146D661450572D006FB068 /* AppDelegate.h */ = {isa = PBXFileReference; lastKnownFileType = sourcecode.c.h; path = AppDelegate.h; sourceTree = "<group>"; };
		90146D671450572D006FB068 /* AppDelegate.m */ = {isa = PBXFileReference; lastKnownFileType = sourcecode.c.objc; path = AppDelegate.m; sourceTree = "<group>"; };
		90146D6A1450572D006FB068 /* en */ = {isa = PBXFileReference; lastKnownFileType = file.storyboard; name = en; path = en.lproj/MainStoryboard.storyboard; sourceTree = "<group>"; };
		90146D6C1450572D006FB068 /* MasterViewController.h */ = {isa = PBXFileReference; lastKnownFileType = sourcecode.c.h; path = MasterViewController.h; sourceTree = "<group>"; };
		90146D6D1450572D006FB068 /* MasterViewController.m */ = {isa = PBXFileReference; lastKnownFileType = sourcecode.c.objc; path = MasterViewController.m; sourceTree = "<group>"; };
		90146D6F1450572D006FB068 /* DetailViewController.h */ = {isa = PBXFileReference; lastKnownFileType = sourcecode.c.h; path = DetailViewController.h; sourceTree = "<group>"; };
		90146D701450572D006FB068 /* DetailViewController.m */ = {isa = PBXFileReference; lastKnownFileType = sourcecode.c.objc; path = DetailViewController.m; sourceTree = "<group>"; };
		9093E2D9146AB96100E49FD6 /* BookDataDelegate.h */ = {isa = PBXFileReference; fileEncoding = 4; lastKnownFileType = sourcecode.c.h; path = BookDataDelegate.h; sourceTree = "<group>"; };
		90C48787145059E000F9D176 /* DataController.h */ = {isa = PBXFileReference; fileEncoding = 4; lastKnownFileType = sourcecode.c.h; path = DataController.h; sourceTree = "<group>"; };
		90C48788145059E000F9D176 /* DataController.m */ = {isa = PBXFileReference; fileEncoding = 4; lastKnownFileType = sourcecode.c.objc; path = DataController.m; sourceTree = "<group>"; };
		90C4878B145059F900F9D176 /* Book.h */ = {isa = PBXFileReference; fileEncoding = 4; lastKnownFileType = sourcecode.c.h; path = Book.h; sourceTree = "<group>"; };
		90C4878C145059F900F9D176 /* Book.m */ = {isa = PBXFileReference; fileEncoding = 4; lastKnownFileType = sourcecode.c.objc; path = Book.m; sourceTree = "<group>"; };
/* End PBXFileReference section */

/* Begin PBXFrameworksBuildPhase section */
		90146D501450572D006FB068 /* Frameworks */ = {
			isa = PBXFrameworksBuildPhase;
			buildActionMask = 2147483647;
			files = (
				90146D581450572D006FB068 /* UIKit.framework in Frameworks */,
				90146D5A1450572D006FB068 /* Foundation.framework in Frameworks */,
				90146D5C1450572D006FB068 /* CoreGraphics.framework in Frameworks */,
			);
			runOnlyForDeploymentPostprocessing = 0;
		};
/* End PBXFrameworksBuildPhase section */

/* Begin PBXGroup section */
		90146D481450572D006FB068 = {
			isa = PBXGroup;
			children = (
				90146D5D1450572D006FB068 /* FileDemoList */,
				90146D561450572D006FB068 /* Frameworks */,
				90146D541450572D006FB068 /* Products */,
			);
			sourceTree = "<group>";
		};
		90146D541450572D006FB068 /* Products */ = {
			isa = PBXGroup;
			children = (
				90146D531450572D006FB068 /* FileDemoList.app */,
			);
			name = Products;
			sourceTree = "<group>";
		};
		90146D561450572D006FB068 /* Frameworks */ = {
			isa = PBXGroup;
			children = (
				90146D571450572D006FB068 /* UIKit.framework */,
				90146D591450572D006FB068 /* Foundation.framework */,
				90146D5B1450572D006FB068 /* CoreGraphics.framework */,
			);
			name = Frameworks;
			sourceTree = "<group>";
		};
		90146D5D1450572D006FB068 /* FileDemoList */ = {
			isa = PBXGroup;
			children = (
				90146D661450572D006FB068 /* AppDelegate.h */,
				90146D671450572D006FB068 /* AppDelegate.m */,
				90146D691450572D006FB068 /* MainStoryboard.storyboard */,
				90146D6C1450572D006FB068 /* MasterViewController.h */,
				90146D6D1450572D006FB068 /* MasterViewController.m */,
				90146D6F1450572D006FB068 /* DetailViewController.h */,
				90146D701450572D006FB068 /* DetailViewController.m */,
				90146D5E1450572D006FB068 /* Supporting Files */,
				90C48787145059E000F9D176 /* DataController.h */,
				90C48788145059E000F9D176 /* DataController.m */,
				90C4878B145059F900F9D176 /* Book.h */,
				90C4878C145059F900F9D176 /* Book.m */,
				9093E2D9146AB96100E49FD6 /* BookDataDelegate.h */,
			);
			path = FileDemoList;
			sourceTree = "<group>";
		};
		90146D5E1450572D006FB068 /* Supporting Files */ = {
			isa = PBXGroup;
			children = (
				90146D5F1450572D006FB068 /* FileDemoList-Info.plist */,
				90146D601450572D006FB068 /* InfoPlist.strings */,
				90146D631450572D006FB068 /* main.m */,
				90146D651450572D006FB068 /* FileDemoList-Prefix.pch */,
			);
			name = "Supporting Files";
			sourceTree = "<group>";
		};
/* End PBXGroup section */

/* Begin PBXNativeTarget section */
		90146D521450572D006FB068 /* FileDemoList */ = {
			isa = PBXNativeTarget;
			buildConfigurationList = 90146D741450572D006FB068 /* Build configuration list for PBXNativeTarget "FileDemoList" */;
			buildPhases = (
				90146D4F1450572D006FB068 /* Sources */,
				90146D501450572D006FB068 /* Frameworks */,
				90146D511450572D006FB068 /* Resources */,
			);
			buildRules = (
			);
			dependencies = (
			);
			name = FileDemoList;
			productName = FileDemoList;
			productReference = 90146D531450572D006FB068 /* FileDemoList.app */;
			productType = "com.apple.product-type.application";
		};
/* End PBXNativeTarget section */

/* Begin PBXProject section */
		90146D4A1450572D006FB068 /* Project object */ = {
			isa = PBXProject;
			attributes = {
				LastUpgradeCheck = 0420;
				ORGANIZATIONNAME = pyanfield;
			};
			buildConfigurationList = 90146D4D1450572D006FB068 /* Build configuration list for PBXProject "FileDemoList" */;
			compatibilityVersion = "Xcode 3.2";
			developmentRegion = English;
			hasScannedForEncodings = 0;
			knownRegions = (
				en,
			);
			mainGroup = 90146D481450572D006FB068;
			productRefGroup = 90146D541450572D006FB068 /* Products */;
			projectDirPath = "";
			projectRoot = "";
			targets = (
				90146D521450572D006FB068 /* FileDemoList */,
			);
		};
/* End PBXProject section */

/* Begin PBXResourcesBuildPhase section */
		90146D511450572D006FB068 /* Resources */ = {
			isa = PBXResourcesBuildPhase;
			buildActionMask = 2147483647;
			files = (
				90146D621450572D006FB068 /* InfoPlist.strings in Resources */,
				90146D6B1450572D006FB068 /* MainStoryboard.storyboard in Resources */,
			);
			runOnlyForDeploymentPostprocessing = 0;
		};
/* End PBXResourcesBuildPhase section */

/* Begin PBXSourcesBuildPhase section */
		90146D4F1450572D006FB068 /* Sources */ = {
			isa = PBXSourcesBuildPhase;
			buildActionMask = 2147483647;
			files = (
				90146D641450572D006FB068 /* main.m in Sources */,
				90146D681450572D006FB068 /* AppDelegate.m in Sources */,
				90146D6E1450572D006FB068 /* MasterViewController.m in Sources */,
				90146D711450572D006FB068 /* DetailViewController.m in Sources */,
				90C48789145059E000F9D176 /* DataController.m in Sources */,
				90C4878D145059F900F9D176 /* Book.m in Sources */,
			);
			runOnlyForDeploymentPostprocessing = 0;
		};
/* End PBXSourcesBuildPhase section */

/* Begin PBXVariantGroup section */
		90146D601450572D006FB068 /* InfoPlist.strings */ = {
			isa = PBXVariantGroup;
			children = (
				90146D611450572D006FB068 /* en */,
			);
			name = InfoPlist.strings;
			sourceTree = "<group>";
		};
		90146D691450572D006FB068 /* MainStoryboard.storyboard */ = {
			isa = PBXVariantGroup;
			children = (
				90146D6A1450572D006FB068 /* en */,
			);
			name = MainStoryboard.storyboard;
			sourceTree = "<group>";
		};
/* End PBXVariantGroup section */

/* Begin XCBuildConfiguration section */
		90146D721450572D006FB068 /* Debug */ = {
			isa = XCBuildConfiguration;
			buildSettings = {
				ALWAYS_SEARCH_USER_PATHS = NO;
				ARCHS = "$(ARCHS_STANDARD_32_BIT)";
				CLANG_ENABLE_OBJC_ARC = YES;
				"CODE_SIGN_IDENTITY[sdk=iphoneos*]" = "iPhone Developer";
				COPY_PHASE_STRIP = NO;
				GCC_C_LANGUAGE_STANDARD = gnu99;
				GCC_DYNAMIC_NO_PIC = NO;
				GCC_OPTIMIZATION_LEVEL = 0;
				GCC_PREPROCESSOR_DEFINITIONS = (
					"DEBUG=1",
					"$(inherited)",
				);
				GCC_SYMBOLS_PRIVATE_EXTERN = NO;
				GCC_VERSION = com.apple.compilers.llvm.clang.1_0;
				GCC_WARN_ABOUT_MISSING_PROTOTYPES = YES;
				GCC_WARN_ABOUT_RETURN_TYPE = YES;
				GCC_WARN_UNUSED_VARIABLE = YES;
				IPHONEOS_DEPLOYMENT_TARGET = 5.0;
				SDKROOT = iphoneos;
				TARGETED_DEVICE_FAMILY = 2;
			};
			name = Debug;
		};
		90146D731450572D006FB068 /* Release */ = {
			isa = XCBuildConfiguration;
			buildSettings = {
				ALWAYS_SEARCH_USER_PATHS = NO;
				ARCHS = "$(ARCHS_STANDARD_32_BIT)";
				CLANG_ENABLE_OBJC_ARC = YES;
				"CODE_SIGN_IDENTITY[sdk=iphoneos*]" = "iPhone Developer";
				COPY_PHASE_STRIP = YES;
				GCC_C_LANGUAGE_STANDARD = gnu99;
				GCC_VERSION = com.apple.compilers.llvm.clang.1_0;
				GCC_WARN_ABOUT_MISSING_PROTOTYPES = YES;
				GCC_WARN_ABOUT_RETURN_TYPE = YES;
				GCC_WARN_UNUSED_VARIABLE = YES;
				IPHONEOS_DEPLOYMENT_TARGET = 5.0;
				OTHER_CFLAGS = "-DNS_BLOCK_ASSERTIONS=1";
				SDKROOT = iphoneos;
				TARGETED_DEVICE_FAMILY = 2;
				VALIDATE_PRODUCT = YES;
			};
			name = Release;
		};
		90146D751450572D006FB068 /* Debug */ = {
			isa = XCBuildConfiguration;
			buildSettings = {
				GCC_PRECOMPILE_PREFIX_HEADER = YES;
				GCC_PREFIX_HEADER = "FileDemoList/FileDemoList-Prefix.pch";
				INFOPLIST_FILE = "FileDemoList/FileDemoList-Info.plist";
				PRODUCT_NAME = "$(TARGET_NAME)";
				WRAPPER_EXTENSION = app;
			};
			name = Debug;
		};
		90146D761450572D006FB068 /* Release */ = {
			isa = XCBuildConfiguration;
			buildSettings = {
				GCC_PRECOMPILE_PREFIX_HEADER = YES;
				GCC_PREFIX_HEADER = "FileDemoList/FileDemoList-Prefix.pch";
				INFOPLIST_FILE = "FileDemoList/FileDemoList-Info.plist";
				PRODUCT_NAME = "$(TARGET_NAME)";
				WRAPPER_EXTENSION = app;
			};
			name = Release;
		};
/* End XCBuildConfiguration section */

/* Begin XCConfigurationList section */
		90146D4D1450572D006FB068 /* Build configuration list for PBXProject "FileDemoList" */ = {
			isa = XCConfigurationList;
			buildConfigurations = (
				90146D721450572D006FB068 /* Debug */,
				90146D731450572D006FB068 /* Release */,
			);
			defaultConfigurationIsVisible = 0;
			defaultConfigurationName = Release;
		};
		90146D741450572D006FB068 /* Build configuration list for PBXNativeTarget "FileDemoList" */ = {
			isa = XCConfigurationList;
			buildConfigurations = (
				90146D751450572D006FB068 /* Debug */,
				90146D761450572D006FB068 /* Release */,
			);
			defaultConfigurationIsVisible = 0;
			defaultConfigurationName = Release;
		};
/* End XCConfigurationList section */
	};
	rootObject = 90146D4A1450572D006FB068 /* Project object */;
}
